// !$*UTF8*$!
{
	archiveVersion = 1;
	classes = {
	};
	objectVersion = 56;
	objects = {

/* Begin PBXBuildFile section */
		30E3585F29E3E12D0034BD31 /* CublendarApp.swift in Sources */ = {isa = PBXBuildFile; fileRef = 30E3585E29E3E12D0034BD31 /* CublendarApp.swift */; };
		30E3586129E3E12D0034BD31 /* ContentView.swift in Sources */ = {isa = PBXBuildFile; fileRef = 30E3586029E3E12D0034BD31 /* ContentView.swift */; };
		30E3586329E3E12E0034BD31 /* Assets.xcassets in Resources */ = {isa = PBXBuildFile; fileRef = 30E3586229E3E12E0034BD31 /* Assets.xcassets */; };
		30E3586729E3E12E0034BD31 /* Preview Assets.xcassets in Resources */ = {isa = PBXBuildFile; fileRef = 30E3586629E3E12E0034BD31 /* Preview Assets.xcassets */; };
		30E3587129E3E12E0034BD31 /* CublendarTests.swift in Sources */ = {isa = PBXBuildFile; fileRef = 30E3587029E3E12E0034BD31 /* CublendarTests.swift */; };
		30E3587B29E3E12E0034BD31 /* CublendarUITests.swift in Sources */ = {isa = PBXBuildFile; fileRef = 30E3587A29E3E12E0034BD31 /* CublendarUITests.swift */; };
		30E3587D29E3E12E0034BD31 /* CublendarUITestsLaunchTests.swift in Sources */ = {isa = PBXBuildFile; fileRef = 30E3587C29E3E12E0034BD31 /* CublendarUITestsLaunchTests.swift */; };
/* End PBXBuildFile section */

/* Begin PBXContainerItemProxy section */
		30E3586D29E3E12E0034BD31 /* PBXContainerItemProxy */ = {
			isa = PBXContainerItemProxy;
			containerPortal = 30E3585329E3E12D0034BD31 /* Project object */;
			proxyType = 1;
			remoteGlobalIDString = 30E3585A29E3E12D0034BD31;
			remoteInfo = Cublendar;
		};
		30E3587729E3E12E0034BD31 /* PBXContainerItemProxy */ = {
			isa = PBXContainerItemProxy;
			containerPortal = 30E3585329E3E12D0034BD31 /* Project object */;
			proxyType = 1;
			remoteGlobalIDString = 30E3585A29E3E12D0034BD31;
			remoteInfo = Cublendar;
		};
/* End PBXContainerItemProxy section */

/* Begin PBXFileReference section */
		30E3585B29E3E12D0034BD31 /* Cublendar.app */ = {isa = PBXFileReference; explicitFileType = wrapper.application; includeInIndex = 0; path = Cublendar.app; sourceTree = BUILT_PRODUCTS_DIR; };
		30E3585E29E3E12D0034BD31 /* CublendarApp.swift */ = {isa = PBXFileReference; lastKnownFileType = sourcecode.swift; path = CublendarApp.swift; sourceTree = "<group>"; };
		30E3586029E3E12D0034BD31 /* ContentView.swift */ = {isa = PBXFileReference; lastKnownFileType = sourcecode.swift; path = ContentView.swift; sourceTree = "<group>"; };
		30E3586229E3E12E0034BD31 /* Assets.xcassets */ = {isa = PBXFileReference; lastKnownFileType = folder.assetcatalog; path = Assets.xcassets; sourceTree = "<group>"; };
		30E3586429E3E12E0034BD31 /* Cublendar.entitlements */ = {isa = PBXFileReference; lastKnownFileType = text.plist.entitlements; path = Cublendar.entitlements; sourceTree = "<group>"; };
		30E3586629E3E12E0034BD31 /* Preview Assets.xcassets */ = {isa = PBXFileReference; lastKnownFileType = folder.assetcatalog; path = "Preview Assets.xcassets"; sourceTree = "<group>"; };
		30E3586C29E3E12E0034BD31 /* CublendarTests.xctest */ = {isa = PBXFileReference; explicitFileType = wrapper.cfbundle; includeInIndex = 0; path = CublendarTests.xctest; sourceTree = BUILT_PRODUCTS_DIR; };
		30E3587029E3E12E0034BD31 /* CublendarTests.swift */ = {isa = PBXFileReference; lastKnownFileType = sourcecode.swift; path = CublendarTests.swift; sourceTree = "<group>"; };
		30E3587629E3E12E0034BD31 /* CublendarUITests.xctest */ = {isa = PBXFileReference; explicitFileType = wrapper.cfbundle; includeInIndex = 0; path = CublendarUITests.xctest; sourceTree = BUILT_PRODUCTS_DIR; };
		30E3587A29E3E12E0034BD31 /* CublendarUITests.swift */ = {isa = PBXFileReference; lastKnownFileType = sourcecode.swift; path = CublendarUITests.swift; sourceTree = "<group>"; };
		30E3587C29E3E12E0034BD31 /* CublendarUITestsLaunchTests.swift */ = {isa = PBXFileReference; lastKnownFileType = sourcecode.swift; path = CublendarUITestsLaunchTests.swift; sourceTree = "<group>"; };
/* End PBXFileReference section */

/* Begin PBXFrameworksBuildPhase section */
		30E3585829E3E12D0034BD31 /* Frameworks */ = {
			isa = PBXFrameworksBuildPhase;
			buildActionMask = 2147483647;
			files = (
			);
			runOnlyForDeploymentPostprocessing = 0;
		};
		30E3586929E3E12E0034BD31 /* Frameworks */ = {
			isa = PBXFrameworksBuildPhase;
			buildActionMask = 2147483647;
			files = (
			);
			runOnlyForDeploymentPostprocessing = 0;
		};
		30E3587329E3E12E0034BD31 /* Frameworks */ = {
			isa = PBXFrameworksBuildPhase;
			buildActionMask = 2147483647;
			files = (
			);
			runOnlyForDeploymentPostprocessing = 0;
		};
/* End PBXFrameworksBuildPhase section */

/* Begin PBXGroup section */
		30E3585229E3E12D0034BD31 = {
			isa = PBXGroup;
			children = (
				30E3585D29E3E12D0034BD31 /* Cublendar */,
				30E3586F29E3E12E0034BD31 /* CublendarTests */,
				30E3587929E3E12E0034BD31 /* CublendarUITests */,
				30E3585C29E3E12D0034BD31 /* Products */,
			);
			sourceTree = "<group>";
		};
		30E3585C29E3E12D0034BD31 /* Products */ = {
			isa = PBXGroup;
			children = (
				30E3585B29E3E12D0034BD31 /* Cublendar.app */,
				30E3586C29E3E12E0034BD31 /* CublendarTests.xctest */,
				30E3587629E3E12E0034BD31 /* CublendarUITests.xctest */,
			);
			name = Products;
			sourceTree = "<group>";
		};
		30E3585D29E3E12D0034BD31 /* Cublendar */ = {
			isa = PBXGroup;
			children = (
				30E3585E29E3E12D0034BD31 /* CublendarApp.swift */,
				30E3586029E3E12D0034BD31 /* ContentView.swift */,
				30E3586229E3E12E0034BD31 /* Assets.xcassets */,
				30E3586429E3E12E0034BD31 /* Cublendar.entitlements */,
				30E3586529E3E12E0034BD31 /* Preview Content */,
			);
			path = Cublendar;
			sourceTree = "<group>";
		};
		30E3586529E3E12E0034BD31 /* Preview Content */ = {
			isa = PBXGroup;
			children = (
				30E3586629E3E12E0034BD31 /* Preview Assets.xcassets */,
			);
			path = "Preview Content";
			sourceTree = "<group>";
		};
		30E3586F29E3E12E0034BD31 /* CublendarTests */ = {
			isa = PBXGroup;
			children = (
				30E3587029E3E12E0034BD31 /* CublendarTests.swift */,
			);
			path = CublendarTests;
			sourceTree = "<group>";
		};
		30E3587929E3E12E0034BD31 /* CublendarUITests */ = {
			isa = PBXGroup;
			children = (
				30E3587A29E3E12E0034BD31 /* CublendarUITests.swift */,
				30E3587C29E3E12E0034BD31 /* CublendarUITestsLaunchTests.swift */,
			);
			path = CublendarUITests;
			sourceTree = "<group>";
		};
/* End PBXGroup section */

/* Begin PBXNativeTarget section */
		30E3585A29E3E12D0034BD31 /* Cublendar */ = {
			isa = PBXNativeTarget;
			buildConfigurationList = 30E3588029E3E12E0034BD31 /* Build configuration list for PBXNativeTarget "Cublendar" */;
			buildPhases = (
				30E3585729E3E12D0034BD31 /* Sources */,
				30E3585829E3E12D0034BD31 /* Frameworks */,
				30E3585929E3E12D0034BD31 /* Resources */,
			);
			buildRules = (
			);
			dependencies = (
			);
			name = Cublendar;
			productName = Cublendar;
			productReference = 30E3585B29E3E12D0034BD31 /* Cublendar.app */;
			productType = "com.apple.product-type.application";
		};
		30E3586B29E3E12E0034BD31 /* CublendarTests */ = {
			isa = PBXNativeTarget;
			buildConfigurationList = 30E3588329E3E12E0034BD31 /* Build configuration list for PBXNativeTarget "CublendarTests" */;
			buildPhases = (
				30E3586829E3E12E0034BD31 /* Sources */,
				30E3586929E3E12E0034BD31 /* Frameworks */,
				30E3586A29E3E12E0034BD31 /* Resources */,
			);
			buildRules = (
			);
			dependencies = (
				30E3586E29E3E12E0034BD31 /* PBXTargetDependency */,
			);
			name = CublendarTests;
			productName = CublendarTests;
			productReference = 30E3586C29E3E12E0034BD31 /* CublendarTests.xctest */;
			productType = "com.apple.product-type.bundle.unit-test";
		};
		30E3587529E3E12E0034BD31 /* CublendarUITests */ = {
			isa = PBXNativeTarget;
			buildConfigurationList = 30E3588629E3E12E0034BD31 /* Build configuration list for PBXNativeTarget "CublendarUITests" */;
			buildPhases = (
				30E3587229E3E12E0034BD31 /* Sources */,
				30E3587329E3E12E0034BD31 /* Frameworks */,
				30E3587429E3E12E0034BD31 /* Resources */,
			);
			buildRules = (
			);
			dependencies = (
				30E3587829E3E12E0034BD31 /* PBXTargetDependency */,
			);
			name = CublendarUITests;
			productName = CublendarUITests;
			productReference = 30E3587629E3E12E0034BD31 /* CublendarUITests.xctest */;
			productType = "com.apple.product-type.bundle.ui-testing";
		};
/* End PBXNativeTarget section */

/* Begin PBXProject section */
		30E3585329E3E12D0034BD31 /* Project object */ = {
			isa = PBXProject;
			attributes = {
				BuildIndependentTargetsInParallel = 1;
				LastSwiftUpdateCheck = 1420;
				LastUpgradeCheck = 1420;
				TargetAttributes = {
					30E3585A29E3E12D0034BD31 = {
						CreatedOnToolsVersion = 14.2;
					};
					30E3586B29E3E12E0034BD31 = {
						CreatedOnToolsVersion = 14.2;
						TestTargetID = 30E3585A29E3E12D0034BD31;
					};
					30E3587529E3E12E0034BD31 = {
						CreatedOnToolsVersion = 14.2;
						TestTargetID = 30E3585A29E3E12D0034BD31;
					};
				};
			};
			buildConfigurationList = 30E3585629E3E12D0034BD31 /* Build configuration list for PBXProject "Cublendar" */;
			compatibilityVersion = "Xcode 14.0";
			developmentRegion = en;
			hasScannedForEncodings = 0;
			knownRegions = (
				en,
				Base,
			);
			mainGroup = 30E3585229E3E12D0034BD31;
			productRefGroup = 30E3585C29E3E12D0034BD31 /* Products */;
			projectDirPath = "";
			projectRoot = "";
			targets = (
				30E3585A29E3E12D0034BD31 /* Cublendar */,
				30E3586B29E3E12E0034BD31 /* CublendarTests */,
				30E3587529E3E12E0034BD31 /* CublendarUITests */,
			);
		};
/* End PBXProject section */

/* Begin PBXResourcesBuildPhase section */
		30E3585929E3E12D0034BD31 /* Resources */ = {
			isa = PBXResourcesBuildPhase;
			buildActionMask = 2147483647;
			files = (
				30E3586729E3E12E0034BD31 /* Preview Assets.xcassets in Resources */,
				30E3586329E3E12E0034BD31 /* Assets.xcassets in Resources */,
			);
			runOnlyForDeploymentPostprocessing = 0;
		};
		30E3586A29E3E12E0034BD31 /* Resources */ = {
			isa = PBXResourcesBuildPhase;
			buildActionMask = 2147483647;
			files = (
			);
			runOnlyForDeploymentPostprocessing = 0;
		};
		30E3587429E3E12E0034BD31 /* Resources */ = {
			isa = PBXResourcesBuildPhase;
			buildActionMask = 2147483647;
			files = (
			);
			runOnlyForDeploymentPostprocessing = 0;
		};
/* End PBXResourcesBuildPhase section */

/* Begin PBXSourcesBuildPhase section */
		30E3585729E3E12D0034BD31 /* Sources */ = {
			isa = PBXSourcesBuildPhase;
			buildActionMask = 2147483647;
			files = (
				30E3586129E3E12D0034BD31 /* ContentView.swift in Sources */,
				30E3585F29E3E12D0034BD31 /* CublendarApp.swift in Sources */,
			);
			runOnlyForDeploymentPostprocessing = 0;
		};
		30E3586829E3E12E0034BD31 /* Sources */ = {
			isa = PBXSourcesBuildPhase;
			buildActionMask = 2147483647;
			files = (
				30E3587129E3E12E0034BD31 /* CublendarTests.swift in Sources */,
			);
			runOnlyForDeploymentPostprocessing = 0;
		};
		30E3587229E3E12E0034BD31 /* Sources */ = {
			isa = PBXSourcesBuildPhase;
			buildActionMask = 2147483647;
			files = (
				30E3587B29E3E12E0034BD31 /* CublendarUITests.swift in Sources */,
				30E3587D29E3E12E0034BD31 /* CublendarUITestsLaunchTests.swift in Sources */,
			);
			runOnlyForDeploymentPostprocessing = 0;
		};
/* End PBXSourcesBuildPhase section */

/* Begin PBXTargetDependency section */
		30E3586E29E3E12E0034BD31 /* PBXTargetDependency */ = {
			isa = PBXTargetDependency;
			target = 30E3585A29E3E12D0034BD31 /* Cublendar */;
			targetProxy = 30E3586D29E3E12E0034BD31 /* PBXContainerItemProxy */;
		};
		30E3587829E3E12E0034BD31 /* PBXTargetDependency */ = {
			isa = PBXTargetDependency;
			target = 30E3585A29E3E12D0034BD31 /* Cublendar */;
			targetProxy = 30E3587729E3E12E0034BD31 /* PBXContainerItemProxy */;
		};
/* End PBXTargetDependency section */

/* Begin XCBuildConfiguration section */
		30E3587E29E3E12E0034BD31 /* Debug */ = {
			isa = XCBuildConfiguration;
			buildSettings = {
				ALWAYS_SEARCH_USER_PATHS = NO;
				CLANG_ANALYZER_NONNULL = YES;
				CLANG_ANALYZER_NUMBER_OBJECT_CONVERSION = YES_AGGRESSIVE;
				CLANG_CXX_LANGUAGE_STANDARD = "gnu++20";
				CLANG_ENABLE_MODULES = YES;
				CLANG_ENABLE_OBJC_ARC = YES;
				CLANG_ENABLE_OBJC_WEAK = YES;
				CLANG_WARN_BLOCK_CAPTURE_AUTORELEASING = YES;
				CLANG_WARN_BOOL_CONVERSION = YES;
				CLANG_WARN_COMMA = YES;
				CLANG_WARN_CONSTANT_CONVERSION = YES;
				CLANG_WARN_DEPRECATED_OBJC_IMPLEMENTATIONS = YES;
				CLANG_WARN_DIRECT_OBJC_ISA_USAGE = YES_ERROR;
				CLANG_WARN_DOCUMENTATION_COMMENTS = YES;
				CLANG_WARN_EMPTY_BODY = YES;
				CLANG_WARN_ENUM_CONVERSION = YES;
				CLANG_WARN_INFINITE_RECURSION = YES;
				CLANG_WARN_INT_CONVERSION = YES;
				CLANG_WARN_NON_LITERAL_NULL_CONVERSION = YES;
				CLANG_WARN_OBJC_IMPLICIT_RETAIN_SELF = YES;
				CLANG_WARN_OBJC_LITERAL_CONVERSION = YES;
				CLANG_WARN_OBJC_ROOT_CLASS = YES_ERROR;
				CLANG_WARN_QUOTED_INCLUDE_IN_FRAMEWORK_HEADER = YES;
				CLANG_WARN_RANGE_LOOP_ANALYSIS = YES;
				CLANG_WARN_STRICT_PROTOTYPES = YES;
				CLANG_WARN_SUSPICIOUS_MOVE = YES;
				CLANG_WARN_UNGUARDED_AVAILABILITY = YES_AGGRESSIVE;
				CLANG_WARN_UNREACHABLE_CODE = YES;
				CLANG_WARN__DUPLICATE_METHOD_MATCH = YES;
				COPY_PHASE_STRIP = NO;
				DEBUG_INFORMATION_FORMAT = dwarf;
				ENABLE_STRICT_OBJC_MSGSEND = YES;
				ENABLE_TESTABILITY = YES;
				GCC_C_LANGUAGE_STANDARD = gnu11;
				GCC_DYNAMIC_NO_PIC = NO;
				GCC_NO_COMMON_BLOCKS = YES;
				GCC_OPTIMIZATION_LEVEL = 0;
				GCC_PREPROCESSOR_DEFINITIONS = (
					"DEBUG=1",
					"$(inherited)",
				);
				GCC_WARN_64_TO_32_BIT_CONVERSION = YES;
				GCC_WARN_ABOUT_RETURN_TYPE = YES_ERROR;
				GCC_WARN_UNDECLARED_SELECTOR = YES;
				GCC_WARN_UNINITIALIZED_AUTOS = YES_AGGRESSIVE;
				GCC_WARN_UNUSED_FUNCTION = YES;
				GCC_WARN_UNUSED_VARIABLE = YES;
				MTL_ENABLE_DEBUG_INFO = INCLUDE_SOURCE;
				MTL_FAST_MATH = YES;
				ONLY_ACTIVE_ARCH = YES;
				SWIFT_ACTIVE_COMPILATION_CONDITIONS = DEBUG;
				SWIFT_OPTIMIZATION_LEVEL = "-Onone";
			};
			name = Debug;
		};
		30E3587F29E3E12E0034BD31 /* Release */ = {
			isa = XCBuildConfiguration;
			buildSettings = {
				ALWAYS_SEARCH_USER_PATHS = NO;
				CLANG_ANALYZER_NONNULL = YES;
				CLANG_ANALYZER_NUMBER_OBJECT_CONVERSION = YES_AGGRESSIVE;
				CLANG_CXX_LANGUAGE_STANDARD = "gnu++20";
				CLANG_ENABLE_MODULES = YES;
				CLANG_ENABLE_OBJC_ARC = YES;
				CLANG_ENABLE_OBJC_WEAK = YES;
				CLANG_WARN_BLOCK_CAPTURE_AUTORELEASING = YES;
				CLANG_WARN_BOOL_CONVERSION = YES;
				CLANG_WARN_COMMA = YES;
				CLANG_WARN_CONSTANT_CONVERSION = YES;
				CLANG_WARN_DEPRECATED_OBJC_IMPLEMENTATIONS = YES;
				CLANG_WARN_DIRECT_OBJC_ISA_USAGE = YES_ERROR;
				CLANG_WARN_DOCUMENTATION_COMMENTS = YES;
				CLANG_WARN_EMPTY_BODY = YES;
				CLANG_WARN_ENUM_CONVERSION = YES;
				CLANG_WARN_INFINITE_RECURSION = YES;
				CLANG_WARN_INT_CONVERSION = YES;
				CLANG_WARN_NON_LITERAL_NULL_CONVERSION = YES;
				CLANG_WARN_OBJC_IMPLICIT_RETAIN_SELF = YES;
				CLANG_WARN_OBJC_LITERAL_CONVERSION = YES;
				CLANG_WARN_OBJC_ROOT_CLASS = YES_ERROR;
				CLANG_WARN_QUOTED_INCLUDE_IN_FRAMEWORK_HEADER = YES;
				CLANG_WARN_RANGE_LOOP_ANALYSIS = YES;
				CLANG_WARN_STRICT_PROTOTYPES = YES;
				CLANG_WARN_SUSPICIOUS_MOVE = YES;
				CLANG_WARN_UNGUARDED_AVAILABILITY = YES_AGGRESSIVE;
				CLANG_WARN_UNREACHABLE_CODE = YES;
				CLANG_WARN__DUPLICATE_METHOD_MATCH = YES;
				COPY_PHASE_STRIP = NO;
				DEBUG_INFORMATION_FORMAT = "dwarf-with-dsym";
				ENABLE_NS_ASSERTIONS = NO;
				ENABLE_STRICT_OBJC_MSGSEND = YES;
				GCC_C_LANGUAGE_STANDARD = gnu11;
				GCC_NO_COMMON_BLOCKS = YES;
				GCC_WARN_64_TO_32_BIT_CONVERSION = YES;
				GCC_WARN_ABOUT_RETURN_TYPE = YES_ERROR;
				GCC_WARN_UNDECLARED_SELECTOR = YES;
				GCC_WARN_UNINITIALIZED_AUTOS = YES_AGGRESSIVE;
				GCC_WARN_UNUSED_FUNCTION = YES;
				GCC_WARN_UNUSED_VARIABLE = YES;
				MTL_ENABLE_DEBUG_INFO = NO;
				MTL_FAST_MATH = YES;
				SWIFT_COMPILATION_MODE = wholemodule;
				SWIFT_OPTIMIZATION_LEVEL = "-O";
			};
			name = Release;
		};
		30E3588129E3E12E0034BD31 /* Debug */ = {
			isa = XCBuildConfiguration;
			buildSettings = {
				ASSETCATALOG_COMPILER_APPICON_NAME = AppIcon;
				ASSETCATALOG_COMPILER_GLOBAL_ACCENT_COLOR_NAME = AccentColor;
				CODE_SIGN_ENTITLEMENTS = Cublendar/Cublendar.entitlements;
				CODE_SIGN_STYLE = Automatic;
				CURRENT_PROJECT_VERSION = 1;
				DEVELOPMENT_ASSET_PATHS = "\"Cublendar/Preview Content\"";
				ENABLE_PREVIEWS = YES;
				GENERATE_INFOPLIST_FILE = YES;
				"INFOPLIST_KEY_UIApplicationSceneManifest_Generation[sdk=iphoneos*]" = YES;
				"INFOPLIST_KEY_UIApplicationSceneManifest_Generation[sdk=iphonesimulator*]" = YES;
				"INFOPLIST_KEY_UIApplicationSupportsIndirectInputEvents[sdk=iphoneos*]" = YES;
				"INFOPLIST_KEY_UIApplicationSupportsIndirectInputEvents[sdk=iphonesimulator*]" = YES;
				"INFOPLIST_KEY_UILaunchScreen_Generation[sdk=iphoneos*]" = YES;
				"INFOPLIST_KEY_UILaunchScreen_Generation[sdk=iphonesimulator*]" = YES;
				"INFOPLIST_KEY_UIStatusBarStyle[sdk=iphoneos*]" = UIStatusBarStyleDefault;
				"INFOPLIST_KEY_UIStatusBarStyle[sdk=iphonesimulator*]" = UIStatusBarStyleDefault;
				INFOPLIST_KEY_UISupportedInterfaceOrientations_iPad = "UIInterfaceOrientationPortrait UIInterfaceOrientationPortraitUpsideDown UIInterfaceOrientationLandscapeLeft UIInterfaceOrientationLandscapeRight";
				INFOPLIST_KEY_UISupportedInterfaceOrientations_iPhone = "UIInterfaceOrientationPortrait UIInterfaceOrientationLandscapeLeft UIInterfaceOrientationLandscapeRight";
				IPHONEOS_DEPLOYMENT_TARGET = 16.2;
				LD_RUNPATH_SEARCH_PATHS = "@executable_path/Frameworks";
				"LD_RUNPATH_SEARCH_PATHS[sdk=macosx*]" = "@executable_path/../Frameworks";
				MACOSX_DEPLOYMENT_TARGET = 12.5;
				MARKETING_VERSION = 1.0;
				PRODUCT_BUNDLE_IDENTIFIER = cublendar.Cublendar;
				PRODUCT_NAME = "$(TARGET_NAME)";
				SDKROOT = auto;
				SUPPORTED_PLATFORMS = "iphoneos iphonesimulator macosx";
				SWIFT_EMIT_LOC_STRINGS = YES;
				SWIFT_VERSION = 5.0;
				TARGETED_DEVICE_FAMILY = "1,2";
			};
			name = Debug;
		};
		30E3588229E3E12E0034BD31 /* Release */ = {
			isa = XCBuildConfiguration;
			buildSettings = {
				ASSETCATALOG_COMPILER_APPICON_NAME = AppIcon;
				ASSETCATALOG_COMPILER_GLOBAL_ACCENT_COLOR_NAME = AccentColor;
				CODE_SIGN_ENTITLEMENTS = Cublendar/Cublendar.entitlements;
				CODE_SIGN_STYLE = Automatic;
				CURRENT_PROJECT_VERSION = 1;
				DEVELOPMENT_ASSET_PATHS = "\"Cublendar/Preview Content\"";
				ENABLE_PREVIEWS = YES;
				GENERATE_INFOPLIST_FILE = YES;
				"INFOPLIST_KEY_UIApplicationSceneManifest_Generation[sdk=iphoneos*]" = YES;
				"INFOPLIST_KEY_UIApplicationSceneManifest_Generation[sdk=iphonesimulator*]" = YES;
				"INFOPLIST_KEY_UIApplicationSupportsIndirectInputEvents[sdk=iphoneos*]" = YES;
				"INFOPLIST_KEY_UIApplicationSupportsIndirectInputEvents[sdk=iphonesimulator*]" = YES;
				"INFOPLIST_KEY_UILaunchScreen_Generation[sdk=iphoneos*]" = YES;
				"INFOPLIST_KEY_UILaunchScreen_Generation[sdk=iphonesimulator*]" = YES;
				"INFOPLIST_KEY_UIStatusBarStyle[sdk=iphoneos*]" = UIStatusBarStyleDefault;
				"INFOPLIST_KEY_UIStatusBarStyle[sdk=iphonesimulator*]" = UIStatusBarStyleDefault;
				INFOPLIST_KEY_UISupportedInterfaceOrientations_iPad = "UIInterfaceOrientationPortrait UIInterfaceOrientationPortraitUpsideDown UIInterfaceOrientationLandscapeLeft UIInterfaceOrientationLandscapeRight";
				INFOPLIST_KEY_UISupportedInterfaceOrientations_iPhone = "UIInterfaceOrientationPortrait UIInterfaceOrientationLandscapeLeft UIInterfaceOrientationLandscapeRight";
				IPHONEOS_DEPLOYMENT_TARGET = 16.2;
				LD_RUNPATH_SEARCH_PATHS = "@executable_path/Frameworks";
				"LD_RUNPATH_SEARCH_PATHS[sdk=macosx*]" = "@executable_path/../Frameworks";
				MACOSX_DEPLOYMENT_TARGET = 12.5;
				MARKETING_VERSION = 1.0;
				PRODUCT_BUNDLE_IDENTIFIER = cublendar.Cublendar;
				PRODUCT_NAME = "$(TARGET_NAME)";
				SDKROOT = auto;
				SUPPORTED_PLATFORMS = "iphoneos iphonesimulator macosx";
				SWIFT_EMIT_LOC_STRINGS = YES;
				SWIFT_VERSION = 5.0;
				TARGETED_DEVICE_FAMILY = "1,2";
			};
			name = Release;
		};
		30E3588429E3E12E0034BD31 /* Debug */ = {
			isa = XCBuildConfiguration;
			buildSettings = {
				ALWAYS_EMBED_SWIFT_STANDARD_LIBRARIES = YES;
				BUNDLE_LOADER = "$(TEST_HOST)";
				CODE_SIGN_STYLE = Automatic;
				CURRENT_PROJECT_VERSION = 1;
				GENERATE_INFOPLIST_FILE = YES;
				IPHONEOS_DEPLOYMENT_TARGET = 16.2;
				MACOSX_DEPLOYMENT_TARGET = 12.5;
				MARKETING_VERSION = 1.0;
				PRODUCT_BUNDLE_IDENTIFIER = cublendar.CublendarTests;
				PRODUCT_NAME = "$(TARGET_NAME)";
				SDKROOT = auto;
				SUPPORTED_PLATFORMS = "iphoneos iphonesimulator macosx";
				SWIFT_EMIT_LOC_STRINGS = NO;
				SWIFT_VERSION = 5.0;
				TARGETED_DEVICE_FAMILY = "1,2";
				TEST_HOST = "$(BUILT_PRODUCTS_DIR)/Cublendar.app/$(BUNDLE_EXECUTABLE_FOLDER_PATH)/Cublendar";
			};
			name = Debug;
		};
		30E3588529E3E12E0034BD31 /* Release */ = {
			isa = XCBuildConfiguration;
			buildSettings = {
				ALWAYS_EMBED_SWIFT_STANDARD_LIBRARIES = YES;
				BUNDLE_LOADER = "$(TEST_HOST)";
				CODE_SIGN_STYLE = Automatic;
				CURRENT_PROJECT_VERSION = 1;
				GENERATE_INFOPLIST_FILE = YES;
				IPHONEOS_DEPLOYMENT_TARGET = 16.2;
				MACOSX_DEPLOYMENT_TARGET = 12.5;
				MARKETING_VERSION = 1.0;
				PRODUCT_BUNDLE_IDENTIFIER = cublendar.CublendarTests;
				PRODUCT_NAME = "$(TARGET_NAME)";
				SDKROOT = auto;
				SUPPORTED_PLATFORMS = "iphoneos iphonesimulator macosx";
				SWIFT_EMIT_LOC_STRINGS = NO;
				SWIFT_VERSION = 5.0;
				TARGETED_DEVICE_FAMILY = "1,2";
				TEST_HOST = "$(BUILT_PRODUCTS_DIR)/Cublendar.app/$(BUNDLE_EXECUTABLE_FOLDER_PATH)/Cublendar";
			};
			name = Release;
		};
		30E3588729E3E12E0034BD31 /* Debug */ = {
			isa = XCBuildConfiguration;
			buildSettings = {
				ALWAYS_EMBED_SWIFT_STANDARD_LIBRARIES = YES;
				CODE_SIGN_STYLE = Automatic;
				CURRENT_PROJECT_VERSION = 1;
				GENERATE_INFOPLIST_FILE = YES;
				IPHONEOS_DEPLOYMENT_TARGET = 16.2;
				MACOSX_DEPLOYMENT_TARGET = 12.5;
				MARKETING_VERSION = 1.0;
				PRODUCT_BUNDLE_IDENTIFIER = cublendar.CublendarUITests;
				PRODUCT_NAME = "$(TARGET_NAME)";
				SDKROOT = auto;
				SUPPORTED_PLATFORMS = "iphoneos iphonesimulator macosx";
				SWIFT_EMIT_LOC_STRINGS = NO;
				SWIFT_VERSION = 5.0;
				TARGETED_DEVICE_FAMILY = "1,2";
				TEST_TARGET_NAME = Cublendar;
			};
			name = Debug;
		};
		30E3588829E3E12E0034BD31 /* Release */ = {
			isa = XCBuildConfiguration;
			buildSettings = {
				ALWAYS_EMBED_SWIFT_STANDARD_LIBRARIES = YES;
				CODE_SIGN_STYLE = Automatic;
				CURRENT_PROJECT_VERSION = 1;
				GENERATE_INFOPLIST_FILE = YES;
				IPHONEOS_DEPLOYMENT_TARGET = 16.2;
				MACOSX_DEPLOYMENT_TARGET = 12.5;
				MARKETING_VERSION = 1.0;
				PRODUCT_BUNDLE_IDENTIFIER = cublendar.CublendarUITests;
				PRODUCT_NAME = "$(TARGET_NAME)";
				SDKROOT = auto;
				SUPPORTED_PLATFORMS = "iphoneos iphonesimulator macosx";
				SWIFT_EMIT_LOC_STRINGS = NO;
				SWIFT_VERSION = 5.0;
				TARGETED_DEVICE_FAMILY = "1,2";
				TEST_TARGET_NAME = Cublendar;
			};
			name = Release;
		};
/* End XCBuildConfiguration section */

/* Begin XCConfigurationList section */
		30E3585629E3E12D0034BD31 /* Build configuration list for PBXProject "Cublendar" */ = {
			isa = XCConfigurationList;
			buildConfigurations = (
				30E3587E29E3E12E0034BD31 /* Debug */,
				30E3587F29E3E12E0034BD31 /* Release */,
			);
			defaultConfigurationIsVisible = 0;
			defaultConfigurationName = Release;
		};
		30E3588029E3E12E0034BD31 /* Build configuration list for PBXNativeTarget "Cublendar" */ = {
			isa = XCConfigurationList;
			buildConfigurations = (
				30E3588129E3E12E0034BD31 /* Debug */,
				30E3588229E3E12E0034BD31 /* Release */,
			);
			defaultConfigurationIsVisible = 0;
			defaultConfigurationName = Release;
		};
		30E3588329E3E12E0034BD31 /* Build configuration list for PBXNativeTarget "CublendarTests" */ = {
			isa = XCConfigurationList;
			buildConfigurations = (
				30E3588429E3E12E0034BD31 /* Debug */,
				30E3588529E3E12E0034BD31 /* Release */,
			);
			defaultConfigurationIsVisible = 0;
			defaultConfigurationName = Release;
		};
		30E3588629E3E12E0034BD31 /* Build configuration list for PBXNativeTarget "CublendarUITests" */ = {
			isa = XCConfigurationList;
			buildConfigurations = (
				30E3588729E3E12E0034BD31 /* Debug */,
				30E3588829E3E12E0034BD31 /* Release */,
			);
			defaultConfigurationIsVisible = 0;
			defaultConfigurationName = Release;
		};
/* End XCConfigurationList section */
	};
	rootObject = 30E3585329E3E12D0034BD31 /* Project object */;
}
